
Microsoft Visual Studio Solution File, Format Version 12.00
# Visual Studio Version 16
VisualStudioVersion = 16.0.30204.135
MinimumVisualStudioVersion = 10.0.40219.1
Project("{FAE04EC0-301F-11D3-BF4B-00C04F79EFBC}") = "AppsReadyNextFuncDeploy", "AppsReadyNextFuncDeploy\AppsReadyNextFuncDeploy.csproj", "{4D0DC29A-4440-4E6C-8479-60CCD32CC6C9}"
EndProject
Global
	GlobalSection(SolutionConfigurationPlatforms) = preSolution
		Debug|Any CPU = Debug|Any CPU
		Release|Any CPU = Release|Any CPU
	EndGlobalSection
	GlobalSection(ProjectConfigurationPlatforms) = postSolution
		{4D0DC29A-4440-4E6C-8479-60CCD32CC6C9}.Debug|Any CPU.ActiveCfg = Debug|Any CPU
		{4D0DC29A-4440-4E6C-8479-60CCD32CC6C9}.Debug|Any CPU.Build.0 = Debug|Any CPU
		{4D0DC29A-4440-4E6C-8479-60CCD32CC6C9}.Release|Any CPU.ActiveCfg = Release|Any CPU
		{4D0DC29A-4440-4E6C-8479-60CCD32CC6C9}.Release|Any CPU.Build.0 = Release|Any CPU
	EndGlobalSection
	GlobalSection(SolutionProperties) = preSolution
		HideSolutionNode = FALSE
	EndGlobalSection
	GlobalSection(ExtensibilityGlobals) = postSolution
		SolutionGuid = {467AAB3B-BECC-4F32-BECE-B63D27AF8455}
	EndGlobalSection
EndGlobal
